
Microsoft Visual Studio Solution File, Format Version 12.00
# Visual Studio Version 16
VisualStudioVersion = 16.0.31702.278
MinimumVisualStudioVersion = 10.0.40219.1
Project("{FAE04EC0-301F-11D3-BF4B-00C04F79EFBC}") = "MyTcp", "MyTcp\MyTcp.csproj", "{50C13D76-F51D-44D0-8345-CFBC38507B9B}"
EndProject
Project("{FAE04EC0-301F-11D3-BF4B-00C04F79EFBC}") = "UI", "UI\UI.csproj", "{B391DD33-4C88-45AA-8B2F-5DCC5110F8CA}"
EndProject
Global
	GlobalSection(SolutionConfigurationPlatforms) = preSolution
		Debug|Any CPU = Debug|Any CPU
		Release|Any CPU = Release|Any CPU
	EndGlobalSection
	GlobalSection(ProjectConfigurationPlatforms) = postSolution
		{50C13D76-F51D-44D0-8345-CFBC38507B9B}.Debug|Any CPU.ActiveCfg = Debug|Any CPU
		{50C13D76-F51D-44D0-8345-CFBC38507B9B}.Debug|Any CPU.Build.0 = Debug|Any CPU
		{50C13D76-F51D-44D0-8345-CFBC38507B9B}.Release|Any CPU.ActiveCfg = Release|Any CPU
		{50C13D76-F51D-44D0-8345-CFBC38507B9B}.Release|Any CPU.Build.0 = Release|Any CPU
		{B391DD33-4C88-45AA-8B2F-5DCC5110F8CA}.Debug|Any CPU.ActiveCfg = Debug|Any CPU
		{B391DD33-4C88-45AA-8B2F-5DCC5110F8CA}.Debug|Any CPU.Build.0 = Debug|Any CPU
		{B391DD33-4C88-45AA-8B2F-5DCC5110F8CA}.Release|Any CPU.ActiveCfg = Release|Any CPU
		{B391DD33-4C88-45AA-8B2F-5DCC5110F8CA}.Release|Any CPU.Build.0 = Release|Any CPU
	EndGlobalSection
	GlobalSection(SolutionProperties) = preSolution
		HideSolutionNode = FALSE
	EndGlobalSection
	GlobalSection(ExtensibilityGlobals) = postSolution
		SolutionGuid = {E116EF6B-E08F-44C8-AB42-8B238871D8BB}
	EndGlobalSection
EndGlobal
